
Microsoft Visual Studio Solution File, Format Version 12.00
# Visual Studio Version 16
VisualStudioVersion = 16.0.31515.178
MinimumVisualStudioVersion = 10.0.40219.1
Project("{FAE04EC0-301F-11D3-BF4B-00C04F79EFBC}") = "MVC.UI", "MVC.UI\MVC.UI.csproj", "{96A7F9F5-7190-401C-AFF6-23A2505B912C}"
EndProject
Project("{FAE04EC0-301F-11D3-BF4B-00C04F79EFBC}") = "MVC.UI.Tests", "MVC.UI.Tests\MVC.UI.Tests.csproj", "{4A4D4DF3-C925-4B1B-8D13-82B87649FA87}"
EndProject
Global
	GlobalSection(SolutionConfigurationPlatforms) = preSolution
		Debug|Any CPU = Debug|Any CPU
		Release|Any CPU = Release|Any CPU
	EndGlobalSection
	GlobalSection(ProjectConfigurationPlatforms) = postSolution
		{96A7F9F5-7190-401C-AFF6-23A2505B912C}.Debug|Any CPU.ActiveCfg = Debug|Any CPU
		{96A7F9F5-7190-401C-AFF6-23A2505B912C}.Debug|Any CPU.Build.0 = Debug|Any CPU
		{96A7F9F5-7190-401C-AFF6-23A2505B912C}.Release|Any CPU.ActiveCfg = Release|Any CPU
		{96A7F9F5-7190-401C-AFF6-23A2505B912C}.Release|Any CPU.Build.0 = Release|Any CPU
		{4A4D4DF3-C925-4B1B-8D13-82B87649FA87}.Debug|Any CPU.ActiveCfg = Debug|Any CPU
		{4A4D4DF3-C925-4B1B-8D13-82B87649FA87}.Debug|Any CPU.Build.0 = Debug|Any CPU
		{4A4D4DF3-C925-4B1B-8D13-82B87649FA87}.Release|Any CPU.ActiveCfg = Release|Any CPU
		{4A4D4DF3-C925-4B1B-8D13-82B87649FA87}.Release|Any CPU.Build.0 = Release|Any CPU
	EndGlobalSection
	GlobalSection(SolutionProperties) = preSolution
		HideSolutionNode = FALSE
	EndGlobalSection
	GlobalSection(ExtensibilityGlobals) = postSolution
		SolutionGuid = {452E32DD-E8E1-41D2-BEC7-8DDD9133070F}
	EndGlobalSection
EndGlobal
